
Microsoft Visual Studio Solution File, Format Version 12.00
# Visual Studio 14
VisualStudioVersion = 14.0.25420.1
MinimumVisualStudioVersion = 10.0.40219.1
Project("{FAE04EC0-301F-11D3-BF4B-00C04F79EFBC}") = "SpreadsheetUtilities", "SpreadsheetUtilities\SpreadsheetUtilities.csproj", "{6E804639-DF3D-469B-BC4F-1BBAA7C420C2}"
EndProject
Project("{FAE04EC0-301F-11D3-BF4B-00C04F79EFBC}") = "DevelopmentTests", "DevelopmentTests\DevelopmentTests.csproj", "{8337661D-423F-4E05-B58E-A24B5B3F34BE}"
EndProject
Project("{FAE04EC0-301F-11D3-BF4B-00C04F79EFBC}") = "PersonalTesting", "PersonalTesting\PersonalTesting.csproj", "{60EC1412-2635-46CC-9F7F-A75FA4A636A0}"
EndProject
Global
	GlobalSection(SolutionConfigurationPlatforms) = preSolution
		Debug|Any CPU = Debug|Any CPU
		Release|Any CPU = Release|Any CPU
	EndGlobalSection
	GlobalSection(ProjectConfigurationPlatforms) = postSolution
		{6E804639-DF3D-469B-BC4F-1BBAA7C420C2}.Debug|Any CPU.ActiveCfg = Debug|Any CPU
		{6E804639-DF3D-469B-BC4F-1BBAA7C420C2}.Debug|Any CPU.Build.0 = Debug|Any CPU
		{6E804639-DF3D-469B-BC4F-1BBAA7C420C2}.Release|Any CPU.ActiveCfg = Release|Any CPU
		{6E804639-DF3D-469B-BC4F-1BBAA7C420C2}.Release|Any CPU.Build.0 = Release|Any CPU
		{8337661D-423F-4E05-B58E-A24B5B3F34BE}.Debug|Any CPU.ActiveCfg = Debug|Any CPU
		{8337661D-423F-4E05-B58E-A24B5B3F34BE}.Debug|Any CPU.Build.0 = Debug|Any CPU
		{8337661D-423F-4E05-B58E-A24B5B3F34BE}.Release|Any CPU.ActiveCfg = Release|Any CPU
		{8337661D-423F-4E05-B58E-A24B5B3F34BE}.Release|Any CPU.Build.0 = Release|Any CPU
		{60EC1412-2635-46CC-9F7F-A75FA4A636A0}.Debug|Any CPU.ActiveCfg = Debug|Any CPU
		{60EC1412-2635-46CC-9F7F-A75FA4A636A0}.Debug|Any CPU.Build.0 = Debug|Any CPU
		{60EC1412-2635-46CC-9F7F-A75FA4A636A0}.Release|Any CPU.ActiveCfg = Release|Any CPU
		{60EC1412-2635-46CC-9F7F-A75FA4A636A0}.Release|Any CPU.Build.0 = Release|Any CPU
	EndGlobalSection
	GlobalSection(SolutionProperties) = preSolution
		HideSolutionNode = FALSE
	EndGlobalSection
EndGlobal
