
Microsoft Visual Studio Solution File, Format Version 12.00
# Visual Studio 14
VisualStudioVersion = 14.0.25420.1
MinimumVisualStudioVersion = 10.0.40219.1
Project("{FAE04EC0-301F-11D3-BF4B-00C04F79EFBC}") = "Spreadsheet", "Spreadsheet\Spreadsheet.csproj", "{C8230B86-F3BE-43F0-9C2B-04AAD7109F9E}"
EndProject
Project("{FAE04EC0-301F-11D3-BF4B-00C04F79EFBC}") = "Resources", "Project1\Resources.csproj", "{1EAD51B7-8FB2-4BDA-B935-D8CAAF5941A0}"
EndProject
Project("{FAE04EC0-301F-11D3-BF4B-00C04F79EFBC}") = "SS Testing", "SS Testing\SS Testing.csproj", "{821F3200-6F21-4539-91EF-2AE5E44657D3}"
EndProject
Global
	GlobalSection(SolutionConfigurationPlatforms) = preSolution
		Debug|Any CPU = Debug|Any CPU
		Release|Any CPU = Release|Any CPU
	EndGlobalSection
	GlobalSection(ProjectConfigurationPlatforms) = postSolution
		{C8230B86-F3BE-43F0-9C2B-04AAD7109F9E}.Debug|Any CPU.ActiveCfg = Debug|Any CPU
		{C8230B86-F3BE-43F0-9C2B-04AAD7109F9E}.Debug|Any CPU.Build.0 = Debug|Any CPU
		{C8230B86-F3BE-43F0-9C2B-04AAD7109F9E}.Release|Any CPU.ActiveCfg = Release|Any CPU
		{C8230B86-F3BE-43F0-9C2B-04AAD7109F9E}.Release|Any CPU.Build.0 = Release|Any CPU
		{1EAD51B7-8FB2-4BDA-B935-D8CAAF5941A0}.Debug|Any CPU.ActiveCfg = Debug|Any CPU
		{1EAD51B7-8FB2-4BDA-B935-D8CAAF5941A0}.Release|Any CPU.ActiveCfg = Release|Any CPU
		{1EAD51B7-8FB2-4BDA-B935-D8CAAF5941A0}.Release|Any CPU.Build.0 = Release|Any CPU
		{821F3200-6F21-4539-91EF-2AE5E44657D3}.Debug|Any CPU.ActiveCfg = Debug|Any CPU
		{821F3200-6F21-4539-91EF-2AE5E44657D3}.Debug|Any CPU.Build.0 = Debug|Any CPU
		{821F3200-6F21-4539-91EF-2AE5E44657D3}.Release|Any CPU.ActiveCfg = Release|Any CPU
		{821F3200-6F21-4539-91EF-2AE5E44657D3}.Release|Any CPU.Build.0 = Release|Any CPU
	EndGlobalSection
	GlobalSection(SolutionProperties) = preSolution
		HideSolutionNode = FALSE
	EndGlobalSection
EndGlobal
