
Microsoft Visual Studio Solution File, Format Version 12.00
# Visual Studio 14
VisualStudioVersion = 14.0.25420.1
MinimumVisualStudioVersion = 10.0.40219.1
Project("{FAE04EC0-301F-11D3-BF4B-00C04F79EFBC}") = "Spreadsheet", "Spreadsheet\Spreadsheet.csproj", "{C8230B86-F3BE-43F0-9C2B-04AAD7109F9E}"
EndProject
Project("{FAE04EC0-301F-11D3-BF4B-00C04F79EFBC}") = "Resources", "Project1\Resources.csproj", "{1EAD51B7-8FB2-4BDA-B935-D8CAAF5941A0}"
EndProject
Project("{FAE04EC0-301F-11D3-BF4B-00C04F79EFBC}") = "SS Testing", "SS Testing\SS Testing.csproj", "{821F3200-6F21-4539-91EF-2AE5E44657D3}"
EndProject
Project("{FAE04EC0-301F-11D3-BF4B-00C04F79EFBC}") = "SpreadsheetGUI", "Demo\SpreadsheetGUI.csproj", "{7069D83A-3933-4135-922B-76F754740A00}"
EndProject
Project("{FAE04EC0-301F-11D3-BF4B-00C04F79EFBC}") = "SpreadsheetPanel", "SpreadsheetPanel\SpreadsheetPanel.csproj", "{CAE63E02-9A1D-4171-8A76-E394391CD6BE}"
EndProject
Project("{FAE04EC0-301F-11D3-BF4B-00C04F79EFBC}") = "GUITesting", "CodedUITestProject1\GUITesting.csproj", "{29398233-DE70-4CA2-9B58-8E80C728D38C}"
EndProject
Global
	GlobalSection(SolutionConfigurationPlatforms) = preSolution
		Debug|Any CPU = Debug|Any CPU
		Debug|x86 = Debug|x86
		Release|Any CPU = Release|Any CPU
		Release|x86 = Release|x86
	EndGlobalSection
	GlobalSection(ProjectConfigurationPlatforms) = postSolution
		{C8230B86-F3BE-43F0-9C2B-04AAD7109F9E}.Debug|Any CPU.ActiveCfg = Debug|Any CPU
		{C8230B86-F3BE-43F0-9C2B-04AAD7109F9E}.Debug|Any CPU.Build.0 = Debug|Any CPU
		{C8230B86-F3BE-43F0-9C2B-04AAD7109F9E}.Debug|x86.ActiveCfg = Debug|Any CPU
		{C8230B86-F3BE-43F0-9C2B-04AAD7109F9E}.Debug|x86.Build.0 = Debug|Any CPU
		{C8230B86-F3BE-43F0-9C2B-04AAD7109F9E}.Release|Any CPU.ActiveCfg = Release|Any CPU
		{C8230B86-F3BE-43F0-9C2B-04AAD7109F9E}.Release|Any CPU.Build.0 = Release|Any CPU
		{C8230B86-F3BE-43F0-9C2B-04AAD7109F9E}.Release|x86.ActiveCfg = Release|Any CPU
		{C8230B86-F3BE-43F0-9C2B-04AAD7109F9E}.Release|x86.Build.0 = Release|Any CPU
		{1EAD51B7-8FB2-4BDA-B935-D8CAAF5941A0}.Debug|Any CPU.ActiveCfg = Debug|Any CPU
		{1EAD51B7-8FB2-4BDA-B935-D8CAAF5941A0}.Debug|x86.ActiveCfg = Debug|Any CPU
		{1EAD51B7-8FB2-4BDA-B935-D8CAAF5941A0}.Release|Any CPU.ActiveCfg = Release|Any CPU
		{1EAD51B7-8FB2-4BDA-B935-D8CAAF5941A0}.Release|Any CPU.Build.0 = Release|Any CPU
		{1EAD51B7-8FB2-4BDA-B935-D8CAAF5941A0}.Release|x86.ActiveCfg = Release|Any CPU
		{1EAD51B7-8FB2-4BDA-B935-D8CAAF5941A0}.Release|x86.Build.0 = Release|Any CPU
		{821F3200-6F21-4539-91EF-2AE5E44657D3}.Debug|Any CPU.ActiveCfg = Debug|Any CPU
		{821F3200-6F21-4539-91EF-2AE5E44657D3}.Debug|Any CPU.Build.0 = Debug|Any CPU
		{821F3200-6F21-4539-91EF-2AE5E44657D3}.Debug|x86.ActiveCfg = Debug|Any CPU
		{821F3200-6F21-4539-91EF-2AE5E44657D3}.Debug|x86.Build.0 = Debug|Any CPU
		{821F3200-6F21-4539-91EF-2AE5E44657D3}.Release|Any CPU.ActiveCfg = Release|Any CPU
		{821F3200-6F21-4539-91EF-2AE5E44657D3}.Release|Any CPU.Build.0 = Release|Any CPU
		{821F3200-6F21-4539-91EF-2AE5E44657D3}.Release|x86.ActiveCfg = Release|Any CPU
		{821F3200-6F21-4539-91EF-2AE5E44657D3}.Release|x86.Build.0 = Release|Any CPU
		{7069D83A-3933-4135-922B-76F754740A00}.Debug|Any CPU.ActiveCfg = Debug|x86
		{7069D83A-3933-4135-922B-76F754740A00}.Debug|Any CPU.Build.0 = Debug|x86
		{7069D83A-3933-4135-922B-76F754740A00}.Debug|x86.ActiveCfg = Debug|x86
		{7069D83A-3933-4135-922B-76F754740A00}.Debug|x86.Build.0 = Debug|x86
		{7069D83A-3933-4135-922B-76F754740A00}.Release|Any CPU.ActiveCfg = Release|x86
		{7069D83A-3933-4135-922B-76F754740A00}.Release|x86.ActiveCfg = Release|x86
		{7069D83A-3933-4135-922B-76F754740A00}.Release|x86.Build.0 = Release|x86
		{CAE63E02-9A1D-4171-8A76-E394391CD6BE}.Debug|Any CPU.ActiveCfg = Debug|x86
		{CAE63E02-9A1D-4171-8A76-E394391CD6BE}.Debug|Any CPU.Build.0 = Debug|x86
		{CAE63E02-9A1D-4171-8A76-E394391CD6BE}.Debug|x86.ActiveCfg = Debug|x86
		{CAE63E02-9A1D-4171-8A76-E394391CD6BE}.Debug|x86.Build.0 = Debug|x86
		{CAE63E02-9A1D-4171-8A76-E394391CD6BE}.Release|Any CPU.ActiveCfg = Release|x86
		{CAE63E02-9A1D-4171-8A76-E394391CD6BE}.Release|x86.ActiveCfg = Release|x86
		{CAE63E02-9A1D-4171-8A76-E394391CD6BE}.Release|x86.Build.0 = Release|x86
		{29398233-DE70-4CA2-9B58-8E80C728D38C}.Debug|Any CPU.ActiveCfg = Debug|Any CPU
		{29398233-DE70-4CA2-9B58-8E80C728D38C}.Debug|Any CPU.Build.0 = Debug|Any CPU
		{29398233-DE70-4CA2-9B58-8E80C728D38C}.Debug|x86.ActiveCfg = Debug|Any CPU
		{29398233-DE70-4CA2-9B58-8E80C728D38C}.Debug|x86.Build.0 = Debug|Any CPU
		{29398233-DE70-4CA2-9B58-8E80C728D38C}.Release|Any CPU.ActiveCfg = Release|Any CPU
		{29398233-DE70-4CA2-9B58-8E80C728D38C}.Release|Any CPU.Build.0 = Release|Any CPU
		{29398233-DE70-4CA2-9B58-8E80C728D38C}.Release|x86.ActiveCfg = Release|Any CPU
		{29398233-DE70-4CA2-9B58-8E80C728D38C}.Release|x86.Build.0 = Release|Any CPU
	EndGlobalSection
	GlobalSection(SolutionProperties) = preSolution
		HideSolutionNode = FALSE
	EndGlobalSection
EndGlobal
